// !$*UTF8*$!
{
	archiveVersion = 1;
	classes = {
	};
	objectVersion = 55;
	objects = {

/* Begin PBXBuildFile section */
		AD14774F27B7D0F40004CF56 /* FriendsList.swift in Sources */ = {isa = PBXBuildFile; fileRef = AD14774E27B7D0F40004CF56 /* FriendsList.swift */; };
		AD14775127B7D3BD0004CF56 /* GroupList.swift in Sources */ = {isa = PBXBuildFile; fileRef = AD14775027B7D3BD0004CF56 /* GroupList.swift */; };
		AD14775327B7D5230004CF56 /* ViewModifers.swift in Sources */ = {isa = PBXBuildFile; fileRef = AD14775227B7D5230004CF56 /* ViewModifers.swift */; };
		AD14775527B7D7B70004CF56 /* ViewBuilders.swift in Sources */ = {isa = PBXBuildFile; fileRef = AD14775427B7D7B70004CF56 /* ViewBuilders.swift */; };
		AD14775727B7E6050004CF56 /* README.md in Resources */ = {isa = PBXBuildFile; fileRef = AD14775627B7E6050004CF56 /* README.md */; };
		AD31F7CB27B1567100157B16 /* VKApp.swift in Sources */ = {isa = PBXBuildFile; fileRef = AD31F7CA27B1567100157B16 /* VKApp.swift */; };
		AD31F7CD27B1567100157B16 /* LogInView.swift in Sources */ = {isa = PBXBuildFile; fileRef = AD31F7CC27B1567100157B16 /* LogInView.swift */; };
		AD31F7CF27B1567500157B16 /* Assets.xcassets in Resources */ = {isa = PBXBuildFile; fileRef = AD31F7CE27B1567500157B16 /* Assets.xcassets */; };
		AD31F7D227B1567500157B16 /* Preview Assets.xcassets in Resources */ = {isa = PBXBuildFile; fileRef = AD31F7D127B1567500157B16 /* Preview Assets.xcassets */; };
		ADE27F4427BD495100F9EFF0 /* ASCollectionView in Frameworks */ = {isa = PBXBuildFile; productRef = ADE27F4327BD495100F9EFF0 /* ASCollectionView */; };
		ADE9634A27BD2005006A7ED1 /* ContainerView.swift in Sources */ = {isa = PBXBuildFile; fileRef = ADE9634927BD2005006A7ED1 /* ContainerView.swift */; };
		ADE9634E27BD226D006A7ED1 /* MainView.swift in Sources */ = {isa = PBXBuildFile; fileRef = ADE9634D27BD226D006A7ED1 /* MainView.swift */; };
		ADE9635027BD358A006A7ED1 /* FriendProfile.swift in Sources */ = {isa = PBXBuildFile; fileRef = ADE9634F27BD358A006A7ED1 /* FriendProfile.swift */; };
/* End PBXBuildFile section */

/* Begin PBXFileReference section */
		AD14774E27B7D0F40004CF56 /* FriendsList.swift */ = {isa = PBXFileReference; lastKnownFileType = sourcecode.swift; path = FriendsList.swift; sourceTree = "<group>"; };
		AD14775027B7D3BD0004CF56 /* GroupList.swift */ = {isa = PBXFileReference; lastKnownFileType = sourcecode.swift; path = GroupList.swift; sourceTree = "<group>"; };
		AD14775227B7D5230004CF56 /* ViewModifers.swift */ = {isa = PBXFileReference; lastKnownFileType = sourcecode.swift; path = ViewModifers.swift; sourceTree = "<group>"; };
		AD14775427B7D7B70004CF56 /* ViewBuilders.swift */ = {isa = PBXFileReference; lastKnownFileType = sourcecode.swift; path = ViewBuilders.swift; sourceTree = "<group>"; };
		AD14775627B7E6050004CF56 /* README.md */ = {isa = PBXFileReference; fileEncoding = 4; lastKnownFileType = net.daringfireball.markdown; name = README.md; path = ../../../SwiftUI_VKApp/README.md; sourceTree = "<group>"; };
		AD31F7C727B1567100157B16 /* login.app */ = {isa = PBXFileReference; explicitFileType = wrapper.application; includeInIndex = 0; path = login.app; sourceTree = BUILT_PRODUCTS_DIR; };
		AD31F7CA27B1567100157B16 /* VKApp.swift */ = {isa = PBXFileReference; lastKnownFileType = sourcecode.swift; path = VKApp.swift; sourceTree = "<group>"; };
		AD31F7CC27B1567100157B16 /* LogInView.swift */ = {isa = PBXFileReference; lastKnownFileType = sourcecode.swift; path = LogInView.swift; sourceTree = "<group>"; };
		AD31F7CE27B1567500157B16 /* Assets.xcassets */ = {isa = PBXFileReference; lastKnownFileType = folder.assetcatalog; path = Assets.xcassets; sourceTree = "<group>"; };
		AD31F7D127B1567500157B16 /* Preview Assets.xcassets */ = {isa = PBXFileReference; lastKnownFileType = folder.assetcatalog; path = "Preview Assets.xcassets"; sourceTree = "<group>"; };
		ADE9634927BD2005006A7ED1 /* ContainerView.swift */ = {isa = PBXFileReference; lastKnownFileType = sourcecode.swift; path = ContainerView.swift; sourceTree = "<group>"; };
		ADE9634D27BD226D006A7ED1 /* MainView.swift */ = {isa = PBXFileReference; lastKnownFileType = sourcecode.swift; path = MainView.swift; sourceTree = "<group>"; };
		ADE9634F27BD358A006A7ED1 /* FriendProfile.swift */ = {isa = PBXFileReference; lastKnownFileType = sourcecode.swift; path = FriendProfile.swift; sourceTree = "<group>"; };
/* End PBXFileReference section */

/* Begin PBXFrameworksBuildPhase section */
		AD31F7C427B1567100157B16 /* Frameworks */ = {
			isa = PBXFrameworksBuildPhase;
			buildActionMask = 2147483647;
			files = (
				ADE27F4427BD495100F9EFF0 /* ASCollectionView in Frameworks */,
			);
			runOnlyForDeploymentPostprocessing = 0;
		};
/* End PBXFrameworksBuildPhase section */

/* Begin PBXGroup section */
		AD31F7BE27B1567100157B16 = {
			isa = PBXGroup;
			children = (
				AD14775627B7E6050004CF56 /* README.md */,
				AD31F7C927B1567100157B16 /* login */,
				AD31F7C827B1567100157B16 /* Products */,
			);
			sourceTree = "<group>";
		};
		AD31F7C827B1567100157B16 /* Products */ = {
			isa = PBXGroup;
			children = (
				AD31F7C727B1567100157B16 /* login.app */,
			);
			name = Products;
			sourceTree = "<group>";
		};
		AD31F7C927B1567100157B16 /* login */ = {
			isa = PBXGroup;
			children = (
				AD31F7CA27B1567100157B16 /* VKApp.swift */,
				ADE9635127BD3591006A7ED1 /* Models */,
				ADE9634827BD1FDE006A7ED1 /* View */,
				ADE9634B27BD2035006A7ED1 /* Lists */,
				ADE9634C27BD203F006A7ED1 /* Modifiers+Builders */,
				AD31F7CE27B1567500157B16 /* Assets.xcassets */,
				AD31F7D027B1567500157B16 /* Preview Content */,
			);
			path = login;
			sourceTree = "<group>";
		};
		AD31F7D027B1567500157B16 /* Preview Content */ = {
			isa = PBXGroup;
			children = (
				AD31F7D127B1567500157B16 /* Preview Assets.xcassets */,
			);
			path = "Preview Content";
			sourceTree = "<group>";
		};
		ADE9634827BD1FDE006A7ED1 /* View */ = {
			isa = PBXGroup;
			children = (
				AD31F7CC27B1567100157B16 /* LogInView.swift */,
				ADE9634D27BD226D006A7ED1 /* MainView.swift */,
				ADE9634927BD2005006A7ED1 /* ContainerView.swift */,
			);
			path = View;
			sourceTree = "<group>";
		};
		ADE9634B27BD2035006A7ED1 /* Lists */ = {
			isa = PBXGroup;
			children = (
				AD14775027B7D3BD0004CF56 /* GroupList.swift */,
				AD14774E27B7D0F40004CF56 /* FriendsList.swift */,
			);
			path = Lists;
			sourceTree = "<group>";
		};
		ADE9634C27BD203F006A7ED1 /* Modifiers+Builders */ = {
			isa = PBXGroup;
			children = (
				AD14775427B7D7B70004CF56 /* ViewBuilders.swift */,
				AD14775227B7D5230004CF56 /* ViewModifers.swift */,
			);
			path = "Modifiers+Builders";
			sourceTree = "<group>";
		};
		ADE9635127BD3591006A7ED1 /* Models */ = {
			isa = PBXGroup;
			children = (
				ADE9634F27BD358A006A7ED1 /* FriendProfile.swift */,
			);
			path = Models;
			sourceTree = "<group>";
		};
/* End PBXGroup section */

/* Begin PBXNativeTarget section */
		AD31F7C627B1567100157B16 /* login */ = {
			isa = PBXNativeTarget;
			buildConfigurationList = AD31F7D527B1567500157B16 /* Build configuration list for PBXNativeTarget "login" */;
			buildPhases = (
				AD31F7C327B1567100157B16 /* Sources */,
				AD31F7C427B1567100157B16 /* Frameworks */,
				AD31F7C527B1567100157B16 /* Resources */,
			);
			buildRules = (
			);
			dependencies = (
			);
			name = login;
			packageProductDependencies = (
				ADE27F4327BD495100F9EFF0 /* ASCollectionView */,
			);
			productName = login;
			productReference = AD31F7C727B1567100157B16 /* login.app */;
			productType = "com.apple.product-type.application";
		};
/* End PBXNativeTarget section */

/* Begin PBXProject section */
		AD31F7BF27B1567100157B16 /* Project object */ = {
			isa = PBXProject;
			attributes = {
				BuildIndependentTargetsInParallel = 1;
				LastSwiftUpdateCheck = 1320;
				LastUpgradeCheck = 1320;
				TargetAttributes = {
					AD31F7C627B1567100157B16 = {
						CreatedOnToolsVersion = 13.2.1;
					};
				};
			};
			buildConfigurationList = AD31F7C227B1567100157B16 /* Build configuration list for PBXProject "login" */;
			compatibilityVersion = "Xcode 13.0";
			developmentRegion = en;
			hasScannedForEncodings = 0;
			knownRegions = (
				en,
				Base,
			);
			mainGroup = AD31F7BE27B1567100157B16;
			packageReferences = (
				ADE27F4227BD495100F9EFF0 /* XCRemoteSwiftPackageReference "ASCollectionView" */,
			);
			productRefGroup = AD31F7C827B1567100157B16 /* Products */;
			projectDirPath = "";
			projectRoot = "";
			targets = (
				AD31F7C627B1567100157B16 /* login */,
			);
		};
/* End PBXProject section */

/* Begin PBXResourcesBuildPhase section */
		AD31F7C527B1567100157B16 /* Resources */ = {
			isa = PBXResourcesBuildPhase;
			buildActionMask = 2147483647;
			files = (
				AD14775727B7E6050004CF56 /* README.md in Resources */,
				AD31F7D227B1567500157B16 /* Preview Assets.xcassets in Resources */,
				AD31F7CF27B1567500157B16 /* Assets.xcassets in Resources */,
			);
			runOnlyForDeploymentPostprocessing = 0;
		};
/* End PBXResourcesBuildPhase section */

/* Begin PBXSourcesBuildPhase section */
		AD31F7C327B1567100157B16 /* Sources */ = {
			isa = PBXSourcesBuildPhase;
			buildActionMask = 2147483647;
			files = (
				AD31F7CD27B1567100157B16 /* LogInView.swift in Sources */,
				ADE9634E27BD226D006A7ED1 /* MainView.swift in Sources */,
				AD14775327B7D5230004CF56 /* ViewModifers.swift in Sources */,
				AD14775527B7D7B70004CF56 /* ViewBuilders.swift in Sources */,
				AD14774F27B7D0F40004CF56 /* FriendsList.swift in Sources */,
				AD31F7CB27B1567100157B16 /* VKApp.swift in Sources */,
				ADE9634A27BD2005006A7ED1 /* ContainerView.swift in Sources */,
				AD14775127B7D3BD0004CF56 /* GroupList.swift in Sources */,
				ADE9635027BD358A006A7ED1 /* FriendProfile.swift in Sources */,
			);
			runOnlyForDeploymentPostprocessing = 0;
		};
/* End PBXSourcesBuildPhase section */

/* Begin XCBuildConfiguration section */
		AD31F7D327B1567500157B16 /* Debug */ = {
			isa = XCBuildConfiguration;
			buildSettings = {
				ALWAYS_SEARCH_USER_PATHS = NO;
				CLANG_ANALYZER_NONNULL = YES;
				CLANG_ANALYZER_NUMBER_OBJECT_CONVERSION = YES_AGGRESSIVE;
				CLANG_CXX_LANGUAGE_STANDARD = "gnu++17";
				CLANG_CXX_LIBRARY = "libc++";
				CLANG_ENABLE_MODULES = YES;
				CLANG_ENABLE_OBJC_ARC = YES;
				CLANG_ENABLE_OBJC_WEAK = YES;
				CLANG_WARN_BLOCK_CAPTURE_AUTORELEASING = YES;
				CLANG_WARN_BOOL_CONVERSION = YES;
				CLANG_WARN_COMMA = YES;
				CLANG_WARN_CONSTANT_CONVERSION = YES;
				CLANG_WARN_DEPRECATED_OBJC_IMPLEMENTATIONS = YES;
				CLANG_WARN_DIRECT_OBJC_ISA_USAGE = YES_ERROR;
				CLANG_WARN_DOCUMENTATION_COMMENTS = YES;
				CLANG_WARN_EMPTY_BODY = YES;
				CLANG_WARN_ENUM_CONVERSION = YES;
				CLANG_WARN_INFINITE_RECURSION = YES;
				CLANG_WARN_INT_CONVERSION = YES;
				CLANG_WARN_NON_LITERAL_NULL_CONVERSION = YES;
				CLANG_WARN_OBJC_IMPLICIT_RETAIN_SELF = YES;
				CLANG_WARN_OBJC_LITERAL_CONVERSION = YES;
				CLANG_WARN_OBJC_ROOT_CLASS = YES_ERROR;
				CLANG_WARN_QUOTED_INCLUDE_IN_FRAMEWORK_HEADER = YES;
				CLANG_WARN_RANGE_LOOP_ANALYSIS = YES;
				CLANG_WARN_STRICT_PROTOTYPES = YES;
				CLANG_WARN_SUSPICIOUS_MOVE = YES;
				CLANG_WARN_UNGUARDED_AVAILABILITY = YES_AGGRESSIVE;
				CLANG_WARN_UNREACHABLE_CODE = YES;
				CLANG_WARN__DUPLICATE_METHOD_MATCH = YES;
				COPY_PHASE_STRIP = NO;
				DEBUG_INFORMATION_FORMAT = dwarf;
				ENABLE_STRICT_OBJC_MSGSEND = YES;
				ENABLE_TESTABILITY = YES;
				GCC_C_LANGUAGE_STANDARD = gnu11;
				GCC_DYNAMIC_NO_PIC = NO;
				GCC_NO_COMMON_BLOCKS = YES;
				GCC_OPTIMIZATION_LEVEL = 0;
				GCC_PREPROCESSOR_DEFINITIONS = (
					"DEBUG=1",
					"$(inherited)",
				);
				GCC_WARN_64_TO_32_BIT_CONVERSION = YES;
				GCC_WARN_ABOUT_RETURN_TYPE = YES_ERROR;
				GCC_WARN_UNDECLARED_SELECTOR = YES;
				GCC_WARN_UNINITIALIZED_AUTOS = YES_AGGRESSIVE;
				GCC_WARN_UNUSED_FUNCTION = YES;
				GCC_WARN_UNUSED_VARIABLE = YES;
				IPHONEOS_DEPLOYMENT_TARGET = 15.2;
				MTL_ENABLE_DEBUG_INFO = INCLUDE_SOURCE;
				MTL_FAST_MATH = YES;
				ONLY_ACTIVE_ARCH = YES;
				SDKROOT = iphoneos;
				SWIFT_ACTIVE_COMPILATION_CONDITIONS = DEBUG;
				SWIFT_OPTIMIZATION_LEVEL = "-Onone";
			};
			name = Debug;
		};
		AD31F7D427B1567500157B16 /* Release */ = {
			isa = XCBuildConfiguration;
			buildSettings = {
				ALWAYS_SEARCH_USER_PATHS = NO;
				CLANG_ANALYZER_NONNULL = YES;
				CLANG_ANALYZER_NUMBER_OBJECT_CONVERSION = YES_AGGRESSIVE;
				CLANG_CXX_LANGUAGE_STANDARD = "gnu++17";
				CLANG_CXX_LIBRARY = "libc++";
				CLANG_ENABLE_MODULES = YES;
				CLANG_ENABLE_OBJC_ARC = YES;
				CLANG_ENABLE_OBJC_WEAK = YES;
				CLANG_WARN_BLOCK_CAPTURE_AUTORELEASING = YES;
				CLANG_WARN_BOOL_CONVERSION = YES;
				CLANG_WARN_COMMA = YES;
				CLANG_WARN_CONSTANT_CONVERSION = YES;
				CLANG_WARN_DEPRECATED_OBJC_IMPLEMENTATIONS = YES;
				CLANG_WARN_DIRECT_OBJC_ISA_USAGE = YES_ERROR;
				CLANG_WARN_DOCUMENTATION_COMMENTS = YES;
				CLANG_WARN_EMPTY_BODY = YES;
				CLANG_WARN_ENUM_CONVERSION = YES;
				CLANG_WARN_INFINITE_RECURSION = YES;
				CLANG_WARN_INT_CONVERSION = YES;
				CLANG_WARN_NON_LITERAL_NULL_CONVERSION = YES;
				CLANG_WARN_OBJC_IMPLICIT_RETAIN_SELF = YES;
				CLANG_WARN_OBJC_LITERAL_CONVERSION = YES;
				CLANG_WARN_OBJC_ROOT_CLASS = YES_ERROR;
				CLANG_WARN_QUOTED_INCLUDE_IN_FRAMEWORK_HEADER = YES;
				CLANG_WARN_RANGE_LOOP_ANALYSIS = YES;
				CLANG_WARN_STRICT_PROTOTYPES = YES;
				CLANG_WARN_SUSPICIOUS_MOVE = YES;
				CLANG_WARN_UNGUARDED_AVAILABILITY = YES_AGGRESSIVE;
				CLANG_WARN_UNREACHABLE_CODE = YES;
				CLANG_WARN__DUPLICATE_METHOD_MATCH = YES;
				COPY_PHASE_STRIP = NO;
				DEBUG_INFORMATION_FORMAT = "dwarf-with-dsym";
				ENABLE_NS_ASSERTIONS = NO;
				ENABLE_STRICT_OBJC_MSGSEND = YES;
				GCC_C_LANGUAGE_STANDARD = gnu11;
				GCC_NO_COMMON_BLOCKS = YES;
				GCC_WARN_64_TO_32_BIT_CONVERSION = YES;
				GCC_WARN_ABOUT_RETURN_TYPE = YES_ERROR;
				GCC_WARN_UNDECLARED_SELECTOR = YES;
				GCC_WARN_UNINITIALIZED_AUTOS = YES_AGGRESSIVE;
				GCC_WARN_UNUSED_FUNCTION = YES;
				GCC_WARN_UNUSED_VARIABLE = YES;
				IPHONEOS_DEPLOYMENT_TARGET = 15.2;
				MTL_ENABLE_DEBUG_INFO = NO;
				MTL_FAST_MATH = YES;
				SDKROOT = iphoneos;
				SWIFT_COMPILATION_MODE = wholemodule;
				SWIFT_OPTIMIZATION_LEVEL = "-O";
				VALIDATE_PRODUCT = YES;
			};
			name = Release;
		};
		AD31F7D627B1567500157B16 /* Debug */ = {
			isa = XCBuildConfiguration;
			buildSettings = {
				ASSETCATALOG_COMPILER_APPICON_NAME = AppIcon;
				ASSETCATALOG_COMPILER_GLOBAL_ACCENT_COLOR_NAME = AccentColor;
				CODE_SIGN_STYLE = Automatic;
				CURRENT_PROJECT_VERSION = 1;
				DEVELOPMENT_ASSET_PATHS = "\"login/Preview Content\"";
				ENABLE_PREVIEWS = YES;
				GENERATE_INFOPLIST_FILE = YES;
				INFOPLIST_KEY_UIApplicationSceneManifest_Generation = YES;
				INFOPLIST_KEY_UIApplicationSupportsIndirectInputEvents = YES;
				INFOPLIST_KEY_UILaunchScreen_Generation = YES;
				INFOPLIST_KEY_UISupportedInterfaceOrientations_iPad = "UIInterfaceOrientationPortrait UIInterfaceOrientationPortraitUpsideDown UIInterfaceOrientationLandscapeLeft UIInterfaceOrientationLandscapeRight";
				INFOPLIST_KEY_UISupportedInterfaceOrientations_iPhone = "UIInterfaceOrientationPortrait UIInterfaceOrientationLandscapeLeft UIInterfaceOrientationLandscapeRight";
				LD_RUNPATH_SEARCH_PATHS = (
					"$(inherited)",
					"@executable_path/Frameworks",
				);
				MARKETING_VERSION = 1.0;
				PRODUCT_BUNDLE_IDENTIFIER = ggwp.login;
				PRODUCT_NAME = "$(TARGET_NAME)";
				SWIFT_EMIT_LOC_STRINGS = YES;
				SWIFT_VERSION = 5.0;
				TARGETED_DEVICE_FAMILY = "1,2";
			};
			name = Debug;
		};
		AD31F7D727B1567500157B16 /* Release */ = {
			isa = XCBuildConfiguration;
			buildSettings = {
				ASSETCATALOG_COMPILER_APPICON_NAME = AppIcon;
				ASSETCATALOG_COMPILER_GLOBAL_ACCENT_COLOR_NAME = AccentColor;
				CODE_SIGN_STYLE = Automatic;
				CURRENT_PROJECT_VERSION = 1;
				DEVELOPMENT_ASSET_PATHS = "\"login/Preview Content\"";
				ENABLE_PREVIEWS = YES;
				GENERATE_INFOPLIST_FILE = YES;
				INFOPLIST_KEY_UIApplicationSceneManifest_Generation = YES;
				INFOPLIST_KEY_UIApplicationSupportsIndirectInputEvents = YES;
				INFOPLIST_KEY_UILaunchScreen_Generation = YES;
				INFOPLIST_KEY_UISupportedInterfaceOrientations_iPad = "UIInterfaceOrientationPortrait UIInterfaceOrientationPortraitUpsideDown UIInterfaceOrientationLandscapeLeft UIInterfaceOrientationLandscapeRight";
				INFOPLIST_KEY_UISupportedInterfaceOrientations_iPhone = "UIInterfaceOrientationPortrait UIInterfaceOrientationLandscapeLeft UIInterfaceOrientationLandscapeRight";
				LD_RUNPATH_SEARCH_PATHS = (
					"$(inherited)",
					"@executable_path/Frameworks",
				);
				MARKETING_VERSION = 1.0;
				PRODUCT_BUNDLE_IDENTIFIER = ggwp.login;
				PRODUCT_NAME = "$(TARGET_NAME)";
				SWIFT_EMIT_LOC_STRINGS = YES;
				SWIFT_VERSION = 5.0;
				TARGETED_DEVICE_FAMILY = "1,2";
			};
			name = Release;
		};
/* End XCBuildConfiguration section */

/* Begin XCConfigurationList section */
		AD31F7C227B1567100157B16 /* Build configuration list for PBXProject "login" */ = {
			isa = XCConfigurationList;
			buildConfigurations = (
				AD31F7D327B1567500157B16 /* Debug */,
				AD31F7D427B1567500157B16 /* Release */,
			);
			defaultConfigurationIsVisible = 0;
			defaultConfigurationName = Release;
		};
		AD31F7D527B1567500157B16 /* Build configuration list for PBXNativeTarget "login" */ = {
			isa = XCConfigurationList;
			buildConfigurations = (
				AD31F7D627B1567500157B16 /* Debug */,
				AD31F7D727B1567500157B16 /* Release */,
			);
			defaultConfigurationIsVisible = 0;
			defaultConfigurationName = Release;
		};
/* End XCConfigurationList section */

/* Begin XCRemoteSwiftPackageReference section */
		ADE27F4227BD495100F9EFF0 /* XCRemoteSwiftPackageReference "ASCollectionView" */ = {
			isa = XCRemoteSwiftPackageReference;
			repositoryURL = "https://github.com/apptekstudios/ASCollectionView";
			requirement = {
				branch = master;
				kind = branch;
			};
		};
/* End XCRemoteSwiftPackageReference section */

/* Begin XCSwiftPackageProductDependency section */
		ADE27F4327BD495100F9EFF0 /* ASCollectionView */ = {
			isa = XCSwiftPackageProductDependency;
			package = ADE27F4227BD495100F9EFF0 /* XCRemoteSwiftPackageReference "ASCollectionView" */;
			productName = ASCollectionView;
		};
/* End XCSwiftPackageProductDependency section */
	};
	rootObject = AD31F7BF27B1567100157B16 /* Project object */;
}
